// !$*UTF8*$!
{
	archiveVersion = 1;
	classes = {
	};
	objectVersion = 55;
	objects = {

/* Begin PBXBuildFile section */
		1D5A18A027EBD10D00BD6E86 /* Assets.xcassets in Resources */ = {isa = PBXBuildFile; fileRef = 1D5A189F27EBD10D00BD6E86 /* Assets.xcassets */; };
		1DE7ABA027E55233008EB175 /* AppDelegate.swift in Sources */ = {isa = PBXBuildFile; fileRef = 1DE7AB9F27E55233008EB175 /* AppDelegate.swift */; };
		1DE7ABA227E55233008EB175 /* SceneDelegate.swift in Sources */ = {isa = PBXBuildFile; fileRef = 1DE7ABA127E55233008EB175 /* SceneDelegate.swift */; };
		1DE7ABA427E55233008EB175 /* ViewController.swift in Sources */ = {isa = PBXBuildFile; fileRef = 1DE7ABA327E55233008EB175 /* ViewController.swift */; };
		1DE7ABA727E55233008EB175 /* Main.storyboard in Resources */ = {isa = PBXBuildFile; fileRef = 1DE7ABA527E55233008EB175 /* Main.storyboard */; };
		1DE7ABAC27E55236008EB175 /* LaunchScreen.storyboard in Resources */ = {isa = PBXBuildFile; fileRef = 1DE7ABAA27E55236008EB175 /* LaunchScreen.storyboard */; };
		37544FE042C38FD2E4BC4C45 /* Pods_Programmatically_UI.framework in Frameworks */ = {isa = PBXBuildFile; fileRef = 0AB96598BD05468D4A3893A0 /* Pods_Programmatically_UI.framework */; };
/* End PBXBuildFile section */

/* Begin PBXFileReference section */
		0AB96598BD05468D4A3893A0 /* Pods_Programmatically_UI.framework */ = {isa = PBXFileReference; explicitFileType = wrapper.framework; includeInIndex = 0; path = Pods_Programmatically_UI.framework; sourceTree = BUILT_PRODUCTS_DIR; };
		1D5A189F27EBD10D00BD6E86 /* Assets.xcassets */ = {isa = PBXFileReference; lastKnownFileType = folder.assetcatalog; path = Assets.xcassets; sourceTree = "<group>"; };
		1DE7AB9C27E55233008EB175 /* Programmatically UI.app */ = {isa = PBXFileReference; explicitFileType = wrapper.application; includeInIndex = 0; path = "Programmatically UI.app"; sourceTree = BUILT_PRODUCTS_DIR; };
		1DE7AB9F27E55233008EB175 /* AppDelegate.swift */ = {isa = PBXFileReference; lastKnownFileType = sourcecode.swift; path = AppDelegate.swift; sourceTree = "<group>"; };
		1DE7ABA127E55233008EB175 /* SceneDelegate.swift */ = {isa = PBXFileReference; lastKnownFileType = sourcecode.swift; path = SceneDelegate.swift; sourceTree = "<group>"; };
		1DE7ABA327E55233008EB175 /* ViewController.swift */ = {isa = PBXFileReference; lastKnownFileType = sourcecode.swift; path = ViewController.swift; sourceTree = "<group>"; };
		1DE7ABA627E55233008EB175 /* Base */ = {isa = PBXFileReference; lastKnownFileType = file.storyboard; name = Base; path = Base.lproj/Main.storyboard; sourceTree = "<group>"; };
		1DE7ABAB27E55236008EB175 /* Base */ = {isa = PBXFileReference; lastKnownFileType = file.storyboard; name = Base; path = Base.lproj/LaunchScreen.storyboard; sourceTree = "<group>"; };
		1DE7ABAD27E55236008EB175 /* Info.plist */ = {isa = PBXFileReference; lastKnownFileType = text.plist.xml; path = Info.plist; sourceTree = "<group>"; };
		91D25153779C53030F838766 /* Pods-Programmatically UI.release.xcconfig */ = {isa = PBXFileReference; includeInIndex = 1; lastKnownFileType = text.xcconfig; name = "Pods-Programmatically UI.release.xcconfig"; path = "Target Support Files/Pods-Programmatically UI/Pods-Programmatically UI.release.xcconfig"; sourceTree = "<group>"; };
		E3493C08290A0A3ED0CC9EA3 /* Pods-Programmatically UI.debug.xcconfig */ = {isa = PBXFileReference; includeInIndex = 1; lastKnownFileType = text.xcconfig; name = "Pods-Programmatically UI.debug.xcconfig"; path = "Target Support Files/Pods-Programmatically UI/Pods-Programmatically UI.debug.xcconfig"; sourceTree = "<group>"; };
/* End PBXFileReference section */

/* Begin PBXFrameworksBuildPhase section */
		1DE7AB9927E55233008EB175 /* Frameworks */ = {
			isa = PBXFrameworksBuildPhase;
			buildActionMask = 2147483647;
			files = (
				37544FE042C38FD2E4BC4C45 /* Pods_Programmatically_UI.framework in Frameworks */,
			);
			runOnlyForDeploymentPostprocessing = 0;
		};
/* End PBXFrameworksBuildPhase section */

/* Begin PBXGroup section */
		1DE7AB9327E55233008EB175 = {
			isa = PBXGroup;
			children = (
				1DE7AB9E27E55233008EB175 /* Programmatically UI */,
				1DE7AB9D27E55233008EB175 /* Products */,
				C2BED21E34ABBBA262785C1F /* Pods */,
				DD6D9DC2F588442BE6277C38 /* Frameworks */,
			);
			sourceTree = "<group>";
		};
		1DE7AB9D27E55233008EB175 /* Products */ = {
			isa = PBXGroup;
			children = (
				1DE7AB9C27E55233008EB175 /* Programmatically UI.app */,
			);
			name = Products;
			sourceTree = "<group>";
		};
		1DE7AB9E27E55233008EB175 /* Programmatically UI */ = {
			isa = PBXGroup;
			children = (
				1DE7ABB327E7F377008EB175 /* Pickers */,
				1DE7AB9F27E55233008EB175 /* AppDelegate.swift */,
				1DE7ABA127E55233008EB175 /* SceneDelegate.swift */,
				1DE7ABA327E55233008EB175 /* ViewController.swift */,
				1DE7ABA527E55233008EB175 /* Main.storyboard */,
				1D5A189F27EBD10D00BD6E86 /* Assets.xcassets */,
				1DE7ABAA27E55236008EB175 /* LaunchScreen.storyboard */,
				1DE7ABAD27E55236008EB175 /* Info.plist */,
			);
			path = "Programmatically UI";
			sourceTree = "<group>";
		};
		1DE7ABB327E7F377008EB175 /* Pickers */ = {
			isa = PBXGroup;
			children = (
			);
			path = Pickers;
			sourceTree = "<group>";
		};
		C2BED21E34ABBBA262785C1F /* Pods */ = {
			isa = PBXGroup;
			children = (
				E3493C08290A0A3ED0CC9EA3 /* Pods-Programmatically UI.debug.xcconfig */,
				91D25153779C53030F838766 /* Pods-Programmatically UI.release.xcconfig */,
			);
			path = Pods;
			sourceTree = "<group>";
		};
		DD6D9DC2F588442BE6277C38 /* Frameworks */ = {
			isa = PBXGroup;
			children = (
				0AB96598BD05468D4A3893A0 /* Pods_Programmatically_UI.framework */,
			);
			name = Frameworks;
			sourceTree = "<group>";
		};
/* End PBXGroup section */

/* Begin PBXNativeTarget section */
		1DE7AB9B27E55233008EB175 /* Programmatically UI */ = {
			isa = PBXNativeTarget;
			buildConfigurationList = 1DE7ABB027E55236008EB175 /* Build configuration list for PBXNativeTarget "Programmatically UI" */;
			buildPhases = (
				19601532C56DA290AC1A4F7A /* [CP] Check Pods Manifest.lock */,
				1DE7AB9827E55233008EB175 /* Sources */,
				1DE7AB9927E55233008EB175 /* Frameworks */,
				1DE7AB9A27E55233008EB175 /* Resources */,
				D5F127CD9C2A3C199EC45363 /* [CP] Embed Pods Frameworks */,
			);
			buildRules = (
			);
			dependencies = (
			);
			name = "Programmatically UI";
			packageProductDependencies = (
			);
			productName = "Programmatically UI";
			productReference = 1DE7AB9C27E55233008EB175 /* Programmatically UI.app */;
			productType = "com.apple.product-type.application";
		};
/* End PBXNativeTarget section */

/* Begin PBXProject section */
		1DE7AB9427E55233008EB175 /* Project object */ = {
			isa = PBXProject;
			attributes = {
				BuildIndependentTargetsInParallel = 1;
				LastSwiftUpdateCheck = 1330;
				LastUpgradeCheck = 1330;
				TargetAttributes = {
					1DE7AB9B27E55233008EB175 = {
						CreatedOnToolsVersion = 13.3;
					};
				};
			};
			buildConfigurationList = 1DE7AB9727E55233008EB175 /* Build configuration list for PBXProject "Programmatically UI" */;
			compatibilityVersion = "Xcode 13.0";
			developmentRegion = en;
			hasScannedForEncodings = 0;
			knownRegions = (
				en,
				Base,
			);
			mainGroup = 1DE7AB9327E55233008EB175;
			packageReferences = (
			);
			productRefGroup = 1DE7AB9D27E55233008EB175 /* Products */;
			projectDirPath = "";
			projectRoot = "";
			targets = (
				1DE7AB9B27E55233008EB175 /* Programmatically UI */,
			);
		};
/* End PBXProject section */

/* Begin PBXResourcesBuildPhase section */
		1DE7AB9A27E55233008EB175 /* Resources */ = {
			isa = PBXResourcesBuildPhase;
			buildActionMask = 2147483647;
			files = (
				1DE7ABAC27E55236008EB175 /* LaunchScreen.storyboard in Resources */,
				1D5A18A027EBD10D00BD6E86 /* Assets.xcassets in Resources */,
				1DE7ABA727E55233008EB175 /* Main.storyboard in Resources */,
			);
			runOnlyForDeploymentPostprocessing = 0;
		};
/* End PBXResourcesBuildPhase section */

/* Begin PBXShellScriptBuildPhase section */
		19601532C56DA290AC1A4F7A /* [CP] Check Pods Manifest.lock */ = {
			isa = PBXShellScriptBuildPhase;
			buildActionMask = 2147483647;
			files = (
			);
			inputFileListPaths = (
			);
			inputPaths = (
				"${PODS_PODFILE_DIR_PATH}/Podfile.lock",
				"${PODS_ROOT}/Manifest.lock",
			);
			name = "[CP] Check Pods Manifest.lock";
			outputFileListPaths = (
			);
			outputPaths = (
				"$(DERIVED_FILE_DIR)/Pods-Programmatically UI-checkManifestLockResult.txt",
			);
			runOnlyForDeploymentPostprocessing = 0;
			shellPath = /bin/sh;
			shellScript = "diff \"${PODS_PODFILE_DIR_PATH}/Podfile.lock\" \"${PODS_ROOT}/Manifest.lock\" > /dev/null\nif [ $? != 0 ] ; then\n    # print error to STDERR\n    echo \"error: The sandbox is not in sync with the Podfile.lock. Run 'pod install' or update your CocoaPods installation.\" >&2\n    exit 1\nfi\n# This output is used by Xcode 'outputs' to avoid re-running this script phase.\necho \"SUCCESS\" > \"${SCRIPT_OUTPUT_FILE_0}\"\n";
			showEnvVarsInLog = 0;
		};
		D5F127CD9C2A3C199EC45363 /* [CP] Embed Pods Frameworks */ = {
			isa = PBXShellScriptBuildPhase;
			buildActionMask = 2147483647;
			files = (
			);
			inputFileListPaths = (
				"${PODS_ROOT}/Target Support Files/Pods-Programmatically UI/Pods-Programmatically UI-frameworks-${CONFIGURATION}-input-files.xcfilelist",
			);
			name = "[CP] Embed Pods Frameworks";
			outputFileListPaths = (
				"${PODS_ROOT}/Target Support Files/Pods-Programmatically UI/Pods-Programmatically UI-frameworks-${CONFIGURATION}-output-files.xcfilelist",
			);
			runOnlyForDeploymentPostprocessing = 0;
			shellPath = /bin/sh;
			shellScript = "\"${PODS_ROOT}/Target Support Files/Pods-Programmatically UI/Pods-Programmatically UI-frameworks.sh\"\n";
			showEnvVarsInLog = 0;
		};
/* End PBXShellScriptBuildPhase section */

/* Begin PBXSourcesBuildPhase section */
		1DE7AB9827E55233008EB175 /* Sources */ = {
			isa = PBXSourcesBuildPhase;
			buildActionMask = 2147483647;
			files = (
				1DE7ABA427E55233008EB175 /* ViewController.swift in Sources */,
				1DE7ABA027E55233008EB175 /* AppDelegate.swift in Sources */,
				1DE7ABA227E55233008EB175 /* SceneDelegate.swift in Sources */,
			);
			runOnlyForDeploymentPostprocessing = 0;
		};
/* End PBXSourcesBuildPhase section */

/* Begin PBXVariantGroup section */
		1DE7ABA527E55233008EB175 /* Main.storyboard */ = {
			isa = PBXVariantGroup;
			children = (
				1DE7ABA627E55233008EB175 /* Base */,
			);
			name = Main.storyboard;
			sourceTree = "<group>";
		};
		1DE7ABAA27E55236008EB175 /* LaunchScreen.storyboard */ = {
			isa = PBXVariantGroup;
			children = (
				1DE7ABAB27E55236008EB175 /* Base */,
			);
			name = LaunchScreen.storyboard;
			sourceTree = "<group>";
		};
/* End PBXVariantGroup section */

/* Begin XCBuildConfiguration section */
		1DE7ABAE27E55236008EB175 /* Debug */ = {
			isa = XCBuildConfiguration;
			buildSettings = {
				ALWAYS_SEARCH_USER_PATHS = NO;
				CLANG_ANALYZER_NONNULL = YES;
				CLANG_ANALYZER_NUMBER_OBJECT_CONVERSION = YES_AGGRESSIVE;
				CLANG_CXX_LANGUAGE_STANDARD = "gnu++17";
				CLANG_ENABLE_MODULES = YES;
				CLANG_ENABLE_OBJC_ARC = YES;
				CLANG_ENABLE_OBJC_WEAK = YES;
				CLANG_WARN_BLOCK_CAPTURE_AUTORELEASING = YES;
				CLANG_WARN_BOOL_CONVERSION = YES;
				CLANG_WARN_COMMA = YES;
				CLANG_WARN_CONSTANT_CONVERSION = YES;
				CLANG_WARN_DEPRECATED_OBJC_IMPLEMENTATIONS = YES;
				CLANG_WARN_DIRECT_OBJC_ISA_USAGE = YES_ERROR;
				CLANG_WARN_DOCUMENTATION_COMMENTS = YES;
				CLANG_WARN_EMPTY_BODY = YES;
				CLANG_WARN_ENUM_CONVERSION = YES;
				CLANG_WARN_INFINITE_RECURSION = YES;
				CLANG_WARN_INT_CONVERSION = YES;
				CLANG_WARN_NON_LITERAL_NULL_CONVERSION = YES;
				CLANG_WARN_OBJC_IMPLICIT_RETAIN_SELF = YES;
				CLANG_WARN_OBJC_LITERAL_CONVERSION = YES;
				CLANG_WARN_OBJC_ROOT_CLASS = YES_ERROR;
				CLANG_WARN_QUOTED_INCLUDE_IN_FRAMEWORK_HEADER = YES;
				CLANG_WARN_RANGE_LOOP_ANALYSIS = YES;
				CLANG_WARN_STRICT_PROTOTYPES = YES;
				CLANG_WARN_SUSPICIOUS_MOVE = YES;
				CLANG_WARN_UNGUARDED_AVAILABILITY = YES_AGGRESSIVE;
				CLANG_WARN_UNREACHABLE_CODE = YES;
				CLANG_WARN__DUPLICATE_METHOD_MATCH = YES;
				COPY_PHASE_STRIP = NO;
				DEBUG_INFORMATION_FORMAT = dwarf;
				ENABLE_STRICT_OBJC_MSGSEND = YES;
				ENABLE_TESTABILITY = YES;
				GCC_C_LANGUAGE_STANDARD = gnu11;
				GCC_DYNAMIC_NO_PIC = NO;
				GCC_NO_COMMON_BLOCKS = YES;
				GCC_OPTIMIZATION_LEVEL = 0;
				GCC_PREPROCESSOR_DEFINITIONS = (
					"DEBUG=1",
					"$(inherited)",
				);
				GCC_WARN_64_TO_32_BIT_CONVERSION = YES;
				GCC_WARN_ABOUT_RETURN_TYPE = YES_ERROR;
				GCC_WARN_UNDECLARED_SELECTOR = YES;
				GCC_WARN_UNINITIALIZED_AUTOS = YES_AGGRESSIVE;
				GCC_WARN_UNUSED_FUNCTION = YES;
				GCC_WARN_UNUSED_VARIABLE = YES;
				IPHONEOS_DEPLOYMENT_TARGET = 15.3;
				MTL_ENABLE_DEBUG_INFO = INCLUDE_SOURCE;
				MTL_FAST_MATH = YES;
				ONLY_ACTIVE_ARCH = YES;
				SDKROOT = iphoneos;
				SWIFT_ACTIVE_COMPILATION_CONDITIONS = DEBUG;
				SWIFT_OPTIMIZATION_LEVEL = "-Onone";
			};
			name = Debug;
		};
		1DE7ABAF27E55236008EB175 /* Release */ = {
			isa = XCBuildConfiguration;
			buildSettings = {
				ALWAYS_SEARCH_USER_PATHS = NO;
				CLANG_ANALYZER_NONNULL = YES;
				CLANG_ANALYZER_NUMBER_OBJECT_CONVERSION = YES_AGGRESSIVE;
				CLANG_CXX_LANGUAGE_STANDARD = "gnu++17";
				CLANG_ENABLE_MODULES = YES;
				CLANG_ENABLE_OBJC_ARC = YES;
				CLANG_ENABLE_OBJC_WEAK = YES;
				CLANG_WARN_BLOCK_CAPTURE_AUTORELEASING = YES;
				CLANG_WARN_BOOL_CONVERSION = YES;
				CLANG_WARN_COMMA = YES;
				CLANG_WARN_CONSTANT_CONVERSION = YES;
				CLANG_WARN_DEPRECATED_OBJC_IMPLEMENTATIONS = YES;
				CLANG_WARN_DIRECT_OBJC_ISA_USAGE = YES_ERROR;
				CLANG_WARN_DOCUMENTATION_COMMENTS = YES;
				CLANG_WARN_EMPTY_BODY = YES;
				CLANG_WARN_ENUM_CONVERSION = YES;
				CLANG_WARN_INFINITE_RECURSION = YES;
				CLANG_WARN_INT_CONVERSION = YES;
				CLANG_WARN_NON_LITERAL_NULL_CONVERSION = YES;
				CLANG_WARN_OBJC_IMPLICIT_RETAIN_SELF = YES;
				CLANG_WARN_OBJC_LITERAL_CONVERSION = YES;
				CLANG_WARN_OBJC_ROOT_CLASS = YES_ERROR;
				CLANG_WARN_QUOTED_INCLUDE_IN_FRAMEWORK_HEADER = YES;
				CLANG_WARN_RANGE_LOOP_ANALYSIS = YES;
				CLANG_WARN_STRICT_PROTOTYPES = YES;
				CLANG_WARN_SUSPICIOUS_MOVE = YES;
				CLANG_WARN_UNGUARDED_AVAILABILITY = YES_AGGRESSIVE;
				CLANG_WARN_UNREACHABLE_CODE = YES;
				CLANG_WARN__DUPLICATE_METHOD_MATCH = YES;
				COPY_PHASE_STRIP = NO;
				DEBUG_INFORMATION_FORMAT = "dwarf-with-dsym";
				ENABLE_NS_ASSERTIONS = NO;
				ENABLE_STRICT_OBJC_MSGSEND = YES;
				GCC_C_LANGUAGE_STANDARD = gnu11;
				GCC_NO_COMMON_BLOCKS = YES;
				GCC_WARN_64_TO_32_BIT_CONVERSION = YES;
				GCC_WARN_ABOUT_RETURN_TYPE = YES_ERROR;
				GCC_WARN_UNDECLARED_SELECTOR = YES;
				GCC_WARN_UNINITIALIZED_AUTOS = YES_AGGRESSIVE;
				GCC_WARN_UNUSED_FUNCTION = YES;
				GCC_WARN_UNUSED_VARIABLE = YES;
				IPHONEOS_DEPLOYMENT_TARGET = 15.3;
				MTL_ENABLE_DEBUG_INFO = NO;
				MTL_FAST_MATH = YES;
				SDKROOT = iphoneos;
				SWIFT_COMPILATION_MODE = wholemodule;
				SWIFT_OPTIMIZATION_LEVEL = "-O";
				VALIDATE_PRODUCT = YES;
			};
			name = Release;
		};
		1DE7ABB127E55236008EB175 /* Debug */ = {
			isa = XCBuildConfiguration;
			baseConfigurationReference = E3493C08290A0A3ED0CC9EA3 /* Pods-Programmatically UI.debug.xcconfig */;
			buildSettings = {
				ASSETCATALOG_COMPILER_APPICON_NAME = AppIcon;
				ASSETCATALOG_COMPILER_GLOBAL_ACCENT_COLOR_NAME = AccentColor;
				CODE_SIGN_STYLE = Automatic;
				CURRENT_PROJECT_VERSION = 1;
				DEVELOPMENT_TEAM = VM784544P7;
				GENERATE_INFOPLIST_FILE = YES;
				INFOPLIST_FILE = "Programmatically UI/Info.plist";
				INFOPLIST_KEY_UIApplicationSupportsIndirectInputEvents = YES;
				INFOPLIST_KEY_UILaunchStoryboardName = LaunchScreen;
				INFOPLIST_KEY_UIMainStoryboardFile = Main;
				INFOPLIST_KEY_UISupportedInterfaceOrientations_iPad = "UIInterfaceOrientationPortrait UIInterfaceOrientationPortraitUpsideDown UIInterfaceOrientationLandscapeLeft UIInterfaceOrientationLandscapeRight";
				INFOPLIST_KEY_UISupportedInterfaceOrientations_iPhone = "UIInterfaceOrientationPortrait UIInterfaceOrientationLandscapeLeft UIInterfaceOrientationLandscapeRight";
				LD_RUNPATH_SEARCH_PATHS = (
					"$(inherited)",
					"@executable_path/Frameworks",
				);
				MARKETING_VERSION = 1.0;
				PRODUCT_BUNDLE_IDENTIFIER = "com.henriquemarques.Programmatically-UI";
				PRODUCT_NAME = "$(TARGET_NAME)";
				SWIFT_EMIT_LOC_STRINGS = YES;
				SWIFT_VERSION = 5.0;
				TARGETED_DEVICE_FAMILY = "1,2";
			};
			name = Debug;
		};
		1DE7ABB227E55236008EB175 /* Release */ = {
			isa = XCBuildConfiguration;
			baseConfigurationReference = 91D25153779C53030F838766 /* Pods-Programmatically UI.release.xcconfig */;
			buildSettings = {
				ASSETCATALOG_COMPILER_APPICON_NAME = AppIcon;
				ASSETCATALOG_COMPILER_GLOBAL_ACCENT_COLOR_NAME = AccentColor;
				CODE_SIGN_STYLE = Automatic;
				CURRENT_PROJECT_VERSION = 1;
				DEVELOPMENT_TEAM = VM784544P7;
				GENERATE_INFOPLIST_FILE = YES;
				INFOPLIST_FILE = "Programmatically UI/Info.plist";
				INFOPLIST_KEY_UIApplicationSupportsIndirectInputEvents = YES;
				INFOPLIST_KEY_UILaunchStoryboardName = LaunchScreen;
				INFOPLIST_KEY_UIMainStoryboardFile = Main;
				INFOPLIST_KEY_UISupportedInterfaceOrientations_iPad = "UIInterfaceOrientationPortrait UIInterfaceOrientationPortraitUpsideDown UIInterfaceOrientationLandscapeLeft UIInterfaceOrientationLandscapeRight";
				INFOPLIST_KEY_UISupportedInterfaceOrientations_iPhone = "UIInterfaceOrientationPortrait UIInterfaceOrientationLandscapeLeft UIInterfaceOrientationLandscapeRight";
				LD_RUNPATH_SEARCH_PATHS = (
					"$(inherited)",
					"@executable_path/Frameworks",
				);
				MARKETING_VERSION = 1.0;
				PRODUCT_BUNDLE_IDENTIFIER = "com.henriquemarques.Programmatically-UI";
				PRODUCT_NAME = "$(TARGET_NAME)";
				SWIFT_EMIT_LOC_STRINGS = YES;
				SWIFT_VERSION = 5.0;
				TARGETED_DEVICE_FAMILY = "1,2";
			};
			name = Release;
		};
/* End XCBuildConfiguration section */

/* Begin XCConfigurationList section */
		1DE7AB9727E55233008EB175 /* Build configuration list for PBXProject "Programmatically UI" */ = {
			isa = XCConfigurationList;
			buildConfigurations = (
				1DE7ABAE27E55236008EB175 /* Debug */,
				1DE7ABAF27E55236008EB175 /* Release */,
			);
			defaultConfigurationIsVisible = 0;
			defaultConfigurationName = Release;
		};
		1DE7ABB027E55236008EB175 /* Build configuration list for PBXNativeTarget "Programmatically UI" */ = {
			isa = XCConfigurationList;
			buildConfigurations = (
				1DE7ABB127E55236008EB175 /* Debug */,
				1DE7ABB227E55236008EB175 /* Release */,
			);
			defaultConfigurationIsVisible = 0;
			defaultConfigurationName = Release;
		};
/* End XCConfigurationList section */
	};
	rootObject = 1DE7AB9427E55233008EB175 /* Project object */;
}
